
Microsoft Visual Studio Solution File, Format Version 12.00
# Visual Studio 2013
VisualStudioVersion = 12.0.21005.1
MinimumVisualStudioVersion = 10.0.40219.1
Project("{FAE04EC0-301F-11D3-BF4B-00C04F79EFBC}") = "FinalSpeed", "FinalSpeed\FinalSpeed.csproj", "{A10C4A91-AAC7-4ADB-9DF7-A33DABC57FEC}"
EndProject
Global
	GlobalSection(SolutionConfigurationPlatforms) = preSolution
		Debug|Any CPU = Debug|Any CPU
		Release|Any CPU = Release|Any CPU
	EndGlobalSection
	GlobalSection(ProjectConfigurationPlatforms) = postSolution
		{A10C4A91-AAC7-4ADB-9DF7-A33DABC57FEC}.Debug|Any CPU.ActiveCfg = Debug|Any CPU
		{A10C4A91-AAC7-4ADB-9DF7-A33DABC57FEC}.Debug|Any CPU.Build.0 = Debug|Any CPU
		{A10C4A91-AAC7-4ADB-9DF7-A33DABC57FEC}.Release|Any CPU.ActiveCfg = Release|Any CPU
		{A10C4A91-AAC7-4ADB-9DF7-A33DABC57FEC}.Release|Any CPU.Build.0 = Release|Any CPU
	EndGlobalSection
	GlobalSection(SolutionProperties) = preSolution
		HideSolutionNode = FALSE
	EndGlobalSection
EndGlobal
